// !$*UTF8*$!
{
	archiveVersion = 1;
	classes = {
	};
	objectVersion = 46;
	objects = {

/* Begin PBXBuildFile section */
		95BF890718EB313800CC9130 /* main.cpp in Sources */ = {isa = PBXBuildFile; fileRef = 95BF890018EB313800CC9130 /* main.cpp */; };
		95BF890818EB313800CC9130 /* Print.cpp in Sources */ = {isa = PBXBuildFile; fileRef = 95BF890118EB313800CC9130 /* Print.cpp */; };
		95BF890918EB313800CC9130 /* Scanner.cpp in Sources */ = {isa = PBXBuildFile; fileRef = 95BF890318EB313800CC9130 /* Scanner.cpp */; };
		95BF890A18EB313800CC9130 /* Token.cpp in Sources */ = {isa = PBXBuildFile; fileRef = 95BF890518EB313800CC9130 /* Token.cpp */; };
		95D03FC118F15369006EEC84 /* Tree.cpp in Sources */ = {isa = PBXBuildFile; fileRef = 95D03FC018F15369006EEC84 /* Tree.cpp */; };
		95DC8DB018F4A98400D40F25 /* LinkedList.cpp in Sources */ = {isa = PBXBuildFile; fileRef = 95DC8DAE18F4A98400D40F25 /* LinkedList.cpp */; };
/* End PBXBuildFile section */

/* Begin PBXCopyFilesBuildPhase section */
		95BF88D618EB2F3600CC9130 /* CopyFiles */ = {
			isa = PBXCopyFilesBuildPhase;
			buildActionMask = 2147483647;
			dstPath = /usr/share/man/man1/;
			dstSubfolderSpec = 0;
			files = (
			);
			runOnlyForDeploymentPostprocessing = 1;
		};
/* End PBXCopyFilesBuildPhase section */

/* Begin PBXFileReference section */
		95BF88D818EB2F3600CC9130 /* Lab-4 */ = {isa = PBXFileReference; explicitFileType = "compiled.mach-o.executable"; includeInIndex = 0; path = "Lab-4"; sourceTree = BUILT_PRODUCTS_DIR; };
		95BF88F218EB306500CC9130 /* Lab_4.1 */ = {isa = PBXFileReference; fileEncoding = 4; lastKnownFileType = text.man; path = Lab_4.1; sourceTree = "<group>"; };
		95BF88FF18EB313800CC9130 /* common.h */ = {isa = PBXFileReference; fileEncoding = 4; lastKnownFileType = sourcecode.c.h; path = common.h; sourceTree = "<group>"; };
		95BF890018EB313800CC9130 /* main.cpp */ = {isa = PBXFileReference; fileEncoding = 4; lastKnownFileType = sourcecode.cpp.cpp; path = main.cpp; sourceTree = "<group>"; };
		95BF890118EB313800CC9130 /* Print.cpp */ = {isa = PBXFileReference; fileEncoding = 4; lastKnownFileType = sourcecode.cpp.cpp; path = Print.cpp; sourceTree = "<group>"; };
		95BF890218EB313800CC9130 /* Print.h */ = {isa = PBXFileReference; fileEncoding = 4; lastKnownFileType = sourcecode.c.h; path = Print.h; sourceTree = "<group>"; };
		95BF890318EB313800CC9130 /* Scanner.cpp */ = {isa = PBXFileReference; fileEncoding = 4; lastKnownFileType = sourcecode.cpp.cpp; path = Scanner.cpp; sourceTree = "<group>"; };
		95BF890418EB313800CC9130 /* Scanner.h */ = {isa = PBXFileReference; fileEncoding = 4; lastKnownFileType = sourcecode.c.h; path = Scanner.h; sourceTree = "<group>"; };
		95BF890518EB313800CC9130 /* Token.cpp */ = {isa = PBXFileReference; fileEncoding = 4; lastKnownFileType = sourcecode.cpp.cpp; path = Token.cpp; sourceTree = "<group>"; };
		95BF890618EB313800CC9130 /* Token.h */ = {isa = PBXFileReference; fileEncoding = 4; lastKnownFileType = sourcecode.c.h; path = Token.h; sourceTree = "<group>"; };
		95D03FBF18F1505D006EEC84 /* Tree.h */ = {isa = PBXFileReference; lastKnownFileType = sourcecode.c.h; path = Tree.h; sourceTree = "<group>"; };
		95D03FC018F15369006EEC84 /* Tree.cpp */ = {isa = PBXFileReference; fileEncoding = 4; lastKnownFileType = sourcecode.cpp.cpp; path = Tree.cpp; sourceTree = "<group>"; };
		95DC8DAE18F4A98400D40F25 /* LinkedList.cpp */ = {isa = PBXFileReference; fileEncoding = 4; lastKnownFileType = sourcecode.cpp.cpp; path = LinkedList.cpp; sourceTree = "<group>"; };
		95DC8DAF18F4A98400D40F25 /* LinkedList.h */ = {isa = PBXFileReference; fileEncoding = 4; lastKnownFileType = sourcecode.c.h; path = LinkedList.h; sourceTree = "<group>"; };
/* End PBXFileReference section */

/* Begin PBXFrameworksBuildPhase section */
		95BF88D518EB2F3600CC9130 /* Frameworks */ = {
			isa = PBXFrameworksBuildPhase;
			buildActionMask = 2147483647;
			files = (
			);
			runOnlyForDeploymentPostprocessing = 0;
		};
/* End PBXFrameworksBuildPhase section */

/* Begin PBXGroup section */
		95BF88CF18EB2F3600CC9130 = {
			isa = PBXGroup;
			children = (
				95BF88F118EB306500CC9130 /* Lab-4 */,
				95BF88D918EB2F3600CC9130 /* Products */,
			);
			sourceTree = "<group>";
		};
		95BF88D918EB2F3600CC9130 /* Products */ = {
			isa = PBXGroup;
			children = (
				95BF88D818EB2F3600CC9130 /* Lab-4 */,
			);
			name = Products;
			sourceTree = "<group>";
		};
		95BF88F118EB306500CC9130 /* Lab-4 */ = {
			isa = PBXGroup;
			children = (
				95BF88FF18EB313800CC9130 /* common.h */,
				95BF890018EB313800CC9130 /* main.cpp */,
				95BF890118EB313800CC9130 /* Print.cpp */,
				95BF890218EB313800CC9130 /* Print.h */,
				95BF890318EB313800CC9130 /* Scanner.cpp */,
				95BF890418EB313800CC9130 /* Scanner.h */,
				95BF890518EB313800CC9130 /* Token.cpp */,
				95BF890618EB313800CC9130 /* Token.h */,
				95D03FBF18F1505D006EEC84 /* Tree.h */,
				95D03FC018F15369006EEC84 /* Tree.cpp */,
				95DC8DAF18F4A98400D40F25 /* LinkedList.h */,
				95DC8DAE18F4A98400D40F25 /* LinkedList.cpp */,
				95BF88F218EB306500CC9130 /* Lab_4.1 */,
			);
			path = "Lab-4";
			sourceTree = "<group>";
		};
/* End PBXGroup section */

/* Begin PBXNativeTarget section */
		95BF88D718EB2F3600CC9130 /* Lab-4 */ = {
			isa = PBXNativeTarget;
			buildConfigurationList = 95BF88E118EB2F3600CC9130 /* Build configuration list for PBXNativeTarget "Lab-4" */;
			buildPhases = (
				95BF88D418EB2F3600CC9130 /* Sources */,
				95BF88D518EB2F3600CC9130 /* Frameworks */,
				95BF88D618EB2F3600CC9130 /* CopyFiles */,
			);
			buildRules = (
			);
			dependencies = (
			);
			name = "Lab-4";
			productName = "Lab-4";
			productReference = 95BF88D818EB2F3600CC9130 /* Lab-4 */;
			productType = "com.apple.product-type.tool";
		};
/* End PBXNativeTarget section */

/* Begin PBXProject section */
		95BF88D018EB2F3600CC9130 /* Project object */ = {
			isa = PBXProject;
			attributes = {
				LastUpgradeCheck = 0510;
				ORGANIZATIONNAME = "Maxx Rodriguez";
			};
			buildConfigurationList = 95BF88D318EB2F3600CC9130 /* Build configuration list for PBXProject "Lab-4" */;
			compatibilityVersion = "Xcode 3.2";
			developmentRegion = English;
			hasScannedForEncodings = 0;
			knownRegions = (
				en,
			);
			mainGroup = 95BF88CF18EB2F3600CC9130;
			productRefGroup = 95BF88D918EB2F3600CC9130 /* Products */;
			projectDirPath = "";
			projectRoot = "";
			targets = (
				95BF88D718EB2F3600CC9130 /* Lab-4 */,
			);
		};
/* End PBXProject section */

/* Begin PBXSourcesBuildPhase section */
		95BF88D418EB2F3600CC9130 /* Sources */ = {
			isa = PBXSourcesBuildPhase;
			buildActionMask = 2147483647;
			files = (
				95BF890918EB313800CC9130 /* Scanner.cpp in Sources */,
				95BF890718EB313800CC9130 /* main.cpp in Sources */,
				95BF890818EB313800CC9130 /* Print.cpp in Sources */,
				95BF890A18EB313800CC9130 /* Token.cpp in Sources */,
				95DC8DB018F4A98400D40F25 /* LinkedList.cpp in Sources */,
				95D03FC118F15369006EEC84 /* Tree.cpp in Sources */,
			);
			runOnlyForDeploymentPostprocessing = 0;
		};
/* End PBXSourcesBuildPhase section */

/* Begin XCBuildConfiguration section */
		95BF88DF18EB2F3600CC9130 /* Debug */ = {
			isa = XCBuildConfiguration;
			buildSettings = {
				ALWAYS_SEARCH_USER_PATHS = NO;
				CLANG_CXX_LANGUAGE_STANDARD = "gnu++0x";
				CLANG_CXX_LIBRARY = "libc++";
				CLANG_ENABLE_MODULES = YES;
				CLANG_ENABLE_OBJC_ARC = YES;
				CLANG_WARN_BOOL_CONVERSION = YES;
				CLANG_WARN_CONSTANT_CONVERSION = YES;
				CLANG_WARN_DIRECT_OBJC_ISA_USAGE = YES_ERROR;
				CLANG_WARN_EMPTY_BODY = YES;
				CLANG_WARN_ENUM_CONVERSION = YES;
				CLANG_WARN_INT_CONVERSION = YES;
				CLANG_WARN_OBJC_ROOT_CLASS = YES_ERROR;
				CLANG_WARN__DUPLICATE_METHOD_MATCH = YES;
				COPY_PHASE_STRIP = NO;
				GCC_C_LANGUAGE_STANDARD = gnu99;
				GCC_DYNAMIC_NO_PIC = NO;
				GCC_ENABLE_OBJC_EXCEPTIONS = YES;
				GCC_OPTIMIZATION_LEVEL = 0;
				GCC_PREPROCESSOR_DEFINITIONS = (
					"DEBUG=1",
					"$(inherited)",
				);
				GCC_SYMBOLS_PRIVATE_EXTERN = NO;
				GCC_WARN_64_TO_32_BIT_CONVERSION = YES;
				GCC_WARN_ABOUT_RETURN_TYPE = YES_ERROR;
				GCC_WARN_UNDECLARED_SELECTOR = YES;
				GCC_WARN_UNINITIALIZED_AUTOS = YES_AGGRESSIVE;
				GCC_WARN_UNUSED_FUNCTION = YES;
				GCC_WARN_UNUSED_VARIABLE = YES;
				MACOSX_DEPLOYMENT_TARGET = 10.9;
				ONLY_ACTIVE_ARCH = YES;
				SDKROOT = macosx;
			};
			name = Debug;
		};
		95BF88E018EB2F3600CC9130 /* Release */ = {
			isa = XCBuildConfiguration;
			buildSettings = {
				ALWAYS_SEARCH_USER_PATHS = NO;
				CLANG_CXX_LANGUAGE_STANDARD = "gnu++0x";
				CLANG_CXX_LIBRARY = "libc++";
				CLANG_ENABLE_MODULES = YES;
				CLANG_ENABLE_OBJC_ARC = YES;
				CLANG_WARN_BOOL_CONVERSION = YES;
				CLANG_WARN_CONSTANT_CONVERSION = YES;
				CLANG_WARN_DIRECT_OBJC_ISA_USAGE = YES_ERROR;
				CLANG_WARN_EMPTY_BODY = YES;
				CLANG_WARN_ENUM_CONVERSION = YES;
				CLANG_WARN_INT_CONVERSION = YES;
				CLANG_WARN_OBJC_ROOT_CLASS = YES_ERROR;
				CLANG_WARN__DUPLICATE_METHOD_MATCH = YES;
				COPY_PHASE_STRIP = YES;
				DEBUG_INFORMATION_FORMAT = "dwarf-with-dsym";
				ENABLE_NS_ASSERTIONS = NO;
				GCC_C_LANGUAGE_STANDARD = gnu99;
				GCC_ENABLE_OBJC_EXCEPTIONS = YES;
				GCC_WARN_64_TO_32_BIT_CONVERSION = YES;
				GCC_WARN_ABOUT_RETURN_TYPE = YES_ERROR;
				GCC_WARN_UNDECLARED_SELECTOR = YES;
				GCC_WARN_UNINITIALIZED_AUTOS = YES_AGGRESSIVE;
				GCC_WARN_UNUSED_FUNCTION = YES;
				GCC_WARN_UNUSED_VARIABLE = YES;
				MACOSX_DEPLOYMENT_TARGET = 10.9;
				SDKROOT = macosx;
			};
			name = Release;
		};
		95BF88E218EB2F3600CC9130 /* Debug */ = {
			isa = XCBuildConfiguration;
			buildSettings = {
				PRODUCT_NAME = "$(TARGET_NAME)";
			};
			name = Debug;
		};
		95BF88E318EB2F3600CC9130 /* Release */ = {
			isa = XCBuildConfiguration;
			buildSettings = {
				PRODUCT_NAME = "$(TARGET_NAME)";
			};
			name = Release;
		};
/* End XCBuildConfiguration section */

/* Begin XCConfigurationList section */
		95BF88D318EB2F3600CC9130 /* Build configuration list for PBXProject "Lab-4" */ = {
			isa = XCConfigurationList;
			buildConfigurations = (
				95BF88DF18EB2F3600CC9130 /* Debug */,
				95BF88E018EB2F3600CC9130 /* Release */,
			);
			defaultConfigurationIsVisible = 0;
			defaultConfigurationName = Release;
		};
		95BF88E118EB2F3600CC9130 /* Build configuration list for PBXNativeTarget "Lab-4" */ = {
			isa = XCConfigurationList;
			buildConfigurations = (
				95BF88E218EB2F3600CC9130 /* Debug */,
				95BF88E318EB2F3600CC9130 /* Release */,
			);
			defaultConfigurationIsVisible = 0;
			defaultConfigurationName = Release;
		};
/* End XCConfigurationList section */
	};
	rootObject = 95BF88D018EB2F3600CC9130 /* Project object */;
}
